
Microsoft Visual Studio Solution File, Format Version 12.00
# Visual Studio Version 16
VisualStudioVersion = 16.0.30804.86
MinimumVisualStudioVersion = 10.0.40219.1
Project("{FAE04EC0-301F-11D3-BF4B-00C04F79EFBC}") = "PooPal.Server.Function", "PooPal.Server.Function\PooPal.Server.Function.csproj", "{04C43AF0-722F-43FD-92F9-43B4CB71A3FC}"
EndProject
Project("{FAE04EC0-301F-11D3-BF4B-00C04F79EFBC}") = "PooPal.Server.Common", "PooPal.Server.Common\PooPal.Server.Common.csproj", "{FEBB059A-9E09-4BA1-BFDE-67894C4E99A2}"
EndProject
Project("{FAE04EC0-301F-11D3-BF4B-00C04F79EFBC}") = "PooPal.Server.Web", "PooPal.Server.Web\PooPal.Server.Web.csproj", "{8927F417-42ED-4726-8399-EF4F678120EA}"
EndProject
Global
	GlobalSection(SolutionConfigurationPlatforms) = preSolution
		Debug|Any CPU = Debug|Any CPU
		Release|Any CPU = Release|Any CPU
	EndGlobalSection
	GlobalSection(ProjectConfigurationPlatforms) = postSolution
		{04C43AF0-722F-43FD-92F9-43B4CB71A3FC}.Debug|Any CPU.ActiveCfg = Debug|Any CPU
		{04C43AF0-722F-43FD-92F9-43B4CB71A3FC}.Debug|Any CPU.Build.0 = Debug|Any CPU
		{04C43AF0-722F-43FD-92F9-43B4CB71A3FC}.Release|Any CPU.ActiveCfg = Release|Any CPU
		{04C43AF0-722F-43FD-92F9-43B4CB71A3FC}.Release|Any CPU.Build.0 = Release|Any CPU
		{FEBB059A-9E09-4BA1-BFDE-67894C4E99A2}.Debug|Any CPU.ActiveCfg = Debug|Any CPU
		{FEBB059A-9E09-4BA1-BFDE-67894C4E99A2}.Debug|Any CPU.Build.0 = Debug|Any CPU
		{FEBB059A-9E09-4BA1-BFDE-67894C4E99A2}.Release|Any CPU.ActiveCfg = Release|Any CPU
		{FEBB059A-9E09-4BA1-BFDE-67894C4E99A2}.Release|Any CPU.Build.0 = Release|Any CPU
		{8927F417-42ED-4726-8399-EF4F678120EA}.Debug|Any CPU.ActiveCfg = Debug|Any CPU
		{8927F417-42ED-4726-8399-EF4F678120EA}.Debug|Any CPU.Build.0 = Debug|Any CPU
		{8927F417-42ED-4726-8399-EF4F678120EA}.Release|Any CPU.ActiveCfg = Release|Any CPU
		{8927F417-42ED-4726-8399-EF4F678120EA}.Release|Any CPU.Build.0 = Release|Any CPU
	EndGlobalSection
	GlobalSection(SolutionProperties) = preSolution
		HideSolutionNode = FALSE
	EndGlobalSection
	GlobalSection(ExtensibilityGlobals) = postSolution
		SolutionGuid = {120E29E0-286F-4CC9-98E6-098CC009CE0B}
	EndGlobalSection
EndGlobal
